
Microsoft Visual Studio Solution File, Format Version 12.00
# Visual Studio Version 17
VisualStudioVersion = 17.7.34221.43
MinimumVisualStudioVersion = 10.0.40219.1
Project("{FAE04EC0-301F-11D3-BF4B-00C04F79EFBC}") = "Maccabi4u", "Maccabi4u\Maccabi4u.csproj", "{1AD7B6FF-BB93-452D-BFD0-F8DF00ABF430}"
EndProject
Global
	GlobalSection(SolutionConfigurationPlatforms) = preSolution
		Debug|Any CPU = Debug|Any CPU
		Release|Any CPU = Release|Any CPU
	EndGlobalSection
	GlobalSection(ProjectConfigurationPlatforms) = postSolution
		{1AD7B6FF-BB93-452D-BFD0-F8DF00ABF430}.Debug|Any CPU.ActiveCfg = Debug|Any CPU
		{1AD7B6FF-BB93-452D-BFD0-F8DF00ABF430}.Debug|Any CPU.Build.0 = Debug|Any CPU
		{1AD7B6FF-BB93-452D-BFD0-F8DF00ABF430}.Release|Any CPU.ActiveCfg = Release|Any CPU
		{1AD7B6FF-BB93-452D-BFD0-F8DF00ABF430}.Release|Any CPU.Build.0 = Release|Any CPU
	EndGlobalSection
	GlobalSection(SolutionProperties) = preSolution
		HideSolutionNode = FALSE
	EndGlobalSection
	GlobalSection(ExtensibilityGlobals) = postSolution
		SolutionGuid = {B4B9F959-7072-42F7-9024-71CD83A3B42D}
	EndGlobalSection
EndGlobal
